
Microsoft Visual Studio Solution File, Format Version 12.00
# Visual Studio 14
VisualStudioVersion = 14.0.25420.1
MinimumVisualStudioVersion = 10.0.40219.1
Project("{FAE04EC0-301F-11D3-BF4B-00C04F79EFBC}") = "LearnNotes", "LearnNotes\LearnNotes.csproj", "{C149CEFB-F491-4BE4-BA11-986D18FC994B}"
EndProject
Project("{FAE04EC0-301F-11D3-BF4B-00C04F79EFBC}") = "LearnNotes.Tests", "LearnNotes.Tests\LearnNotes.Tests.csproj", "{159BB1F9-067A-444E-A1B9-A67259CABD44}"
EndProject
Global
	GlobalSection(SolutionConfigurationPlatforms) = preSolution
		Debug|Any CPU = Debug|Any CPU
		Release|Any CPU = Release|Any CPU
	EndGlobalSection
	GlobalSection(ProjectConfigurationPlatforms) = postSolution
		{C149CEFB-F491-4BE4-BA11-986D18FC994B}.Debug|Any CPU.ActiveCfg = Debug|Any CPU
		{C149CEFB-F491-4BE4-BA11-986D18FC994B}.Debug|Any CPU.Build.0 = Debug|Any CPU
		{C149CEFB-F491-4BE4-BA11-986D18FC994B}.Release|Any CPU.ActiveCfg = Release|Any CPU
		{C149CEFB-F491-4BE4-BA11-986D18FC994B}.Release|Any CPU.Build.0 = Release|Any CPU
		{159BB1F9-067A-444E-A1B9-A67259CABD44}.Debug|Any CPU.ActiveCfg = Debug|Any CPU
		{159BB1F9-067A-444E-A1B9-A67259CABD44}.Debug|Any CPU.Build.0 = Debug|Any CPU
		{159BB1F9-067A-444E-A1B9-A67259CABD44}.Release|Any CPU.ActiveCfg = Release|Any CPU
		{159BB1F9-067A-444E-A1B9-A67259CABD44}.Release|Any CPU.Build.0 = Release|Any CPU
	EndGlobalSection
	GlobalSection(SolutionProperties) = preSolution
		HideSolutionNode = FALSE
	EndGlobalSection
EndGlobal
